github.com/yuin/goldmark v1.4.14 h1:jwww1XQfhJN7Zm+/a1ZA/3WUiEBEroYFNTiV3dKwM8U=
github.com/yuin/goldmark v1.4.14/go.mod h1:6yULJ656Px+3vBD8DxQVa3kxgyrAnzto9xy5taEt/CY=
go.seankhliao.com/webstyle v0.5.1 h1:fD/jQaDlcmLWGl/+v4cuUM0eG2CAwfh47hUQrWD5UqU=
go.seankhliao.com/webstyle v0.5.1/go.mod h1:3gdlViinUpkRH97uBhMrXLYKlT02pQJ6vacogLt4P+Y=
go.seankhliao.com/webstyle v0.5.2 h1:hh9su8JjbNCTioHCe0Xa52cyxrfwhLxI1bR3lYacCzg=
go.seankhliao.com/webstyle v0.5.2/go.mod h1:fAVOp1Q/m+ktKRIAmgZYtfX+oUU5uSgigQXaSiRgt5w=
go.seankhliao.com/webstyle v0.5.3 h1:ZwIGDC2FDGHaF5eRmdo8N+78u+J0GZSIwCkVLN8lRJw=
go.seankhliao.com/webstyle v0.5.3/go.mod h1:fAVOp1Q/m+ktKRIAmgZYtfX+oUU5uSgigQXaSiRgt5w=
go.seankhliao.com/webstyle v0.5.4 h1:eJEwihwfRPYg199GRH/aasV1mdJ6v1VvhFpKMvvI7z8=
go.seankhliao.com/webstyle v0.5.4/go.mod h1:fAVOp1Q/m+ktKRIAmgZYtfX+oUU5uSgigQXaSiRgt5w=
golang.org/x/exp v0.0.0-20220827204233-334a2380cb91 h1:tnebWN09GYg9OLPss1KXj8txwZc6X6uMr6VFdcGNbHw=
golang.org/x/exp v0.0.0-20220827204233-334a2380cb91/go.mod h1:cyybsKvd6eL0RnXn6p/Grxp8F5bW7iYuBgsNCOHpMYE=
